
Microsoft Visual Studio Solution File, Format Version 12.00
Project("{FAE04EC0-301F-11D3-BF4B-00C04F79EFBC}") = "UserService", "UserService\UserService.csproj", "{27B9FD44-DD62-404D-9906-C8CAE8E016F7}"
EndProject
Project("{FAE04EC0-301F-11D3-BF4B-00C04F79EFBC}") = "ModelLibrary", "ModelLibrary\ModelLibrary.csproj", "{8670494F-82EC-495A-AFC4-4804E5D341A0}"
EndProject
Project("{FAE04EC0-301F-11D3-BF4B-00C04F79EFBC}") = "ProblemSetService", "ProblemSetService\ProblemSetService.csproj", "{98BC4A9A-C3EA-4234-A16F-D4AF8B703C1D}"
EndProject
Project("{FAE04EC0-301F-11D3-BF4B-00C04F79EFBC}") = "tem", "tem\tem.csproj", "{F75BD477-FDE0-4551-9B57-A2A210498482}"
EndProject
Global
	GlobalSection(SolutionConfigurationPlatforms) = preSolution
		Debug|Any CPU = Debug|Any CPU
		Release|Any CPU = Release|Any CPU
	EndGlobalSection
	GlobalSection(ProjectConfigurationPlatforms) = postSolution
		{27B9FD44-DD62-404D-9906-C8CAE8E016F7}.Debug|Any CPU.ActiveCfg = Debug|Any CPU
		{27B9FD44-DD62-404D-9906-C8CAE8E016F7}.Debug|Any CPU.Build.0 = Debug|Any CPU
		{27B9FD44-DD62-404D-9906-C8CAE8E016F7}.Release|Any CPU.ActiveCfg = Release|Any CPU
		{27B9FD44-DD62-404D-9906-C8CAE8E016F7}.Release|Any CPU.Build.0 = Release|Any CPU
		{8670494F-82EC-495A-AFC4-4804E5D341A0}.Debug|Any CPU.ActiveCfg = Debug|Any CPU
		{8670494F-82EC-495A-AFC4-4804E5D341A0}.Debug|Any CPU.Build.0 = Debug|Any CPU
		{8670494F-82EC-495A-AFC4-4804E5D341A0}.Release|Any CPU.ActiveCfg = Release|Any CPU
		{8670494F-82EC-495A-AFC4-4804E5D341A0}.Release|Any CPU.Build.0 = Release|Any CPU
		{98BC4A9A-C3EA-4234-A16F-D4AF8B703C1D}.Debug|Any CPU.ActiveCfg = Debug|Any CPU
		{98BC4A9A-C3EA-4234-A16F-D4AF8B703C1D}.Debug|Any CPU.Build.0 = Debug|Any CPU
		{98BC4A9A-C3EA-4234-A16F-D4AF8B703C1D}.Release|Any CPU.ActiveCfg = Release|Any CPU
		{98BC4A9A-C3EA-4234-A16F-D4AF8B703C1D}.Release|Any CPU.Build.0 = Release|Any CPU
		{F75BD477-FDE0-4551-9B57-A2A210498482}.Debug|Any CPU.ActiveCfg = Debug|Any CPU
		{F75BD477-FDE0-4551-9B57-A2A210498482}.Debug|Any CPU.Build.0 = Debug|Any CPU
		{F75BD477-FDE0-4551-9B57-A2A210498482}.Release|Any CPU.ActiveCfg = Release|Any CPU
		{F75BD477-FDE0-4551-9B57-A2A210498482}.Release|Any CPU.Build.0 = Release|Any CPU
	EndGlobalSection
EndGlobal
